{
  "name": "example",
  "lockfileVersion": 2,
  "requires": true,
  "packages": {
    "": {
      "dependencies": {
        "@planetscale/database": "^1.11.0"
      }
    },
    "node_modules/@planetscale/database": {
      "version": "1.11.0",
      "resolved": "https://registry.npmjs.org/@planetscale/database/-/database-1.11.0.tgz",
      "integrity": "sha512-aWbU+D/IRHoDE9975y+Q4c+EwwAWxCPwFId+N1AhQVFXzbeJMkj6KN2iQtoi03elcLMRdfT+V3i9Z4WRw+/oIA==",
      "engines": {
        "node": ">=16"
      }
    }
  },
  "dependencies": {
    "@planetscale/database": {
      "version": "1.11.0",
      "resolved": "https://registry.npmjs.org/@planetscale/database/-/database-1.11.0.tgz",
      "integrity": "sha512-aWbU+D/IRHoDE9975y+Q4c+EwwAWxCPwFId+N1AhQVFXzbeJMkj6KN2iQtoi03elcLMRdfT+V3i9Z4WRw+/oIA=="
    }
  }
}
